# THIS IS AN AUTOGENERATED FILE. DO NOT EDIT THIS FILE DIRECTLY.
# yarn lockfile v1


"@algolia/cache-browser-local-storage@4.20.0":
  version "4.20.0"
  resolved "https://registry.npmjs.org/@algolia/cache-browser-local-storage/-/cache-browser-local-storage-4.20.0.tgz"
  integrity sha512-uujahcBt4DxduBTvYdwO3sBfHuJvJokiC3BP1+O70fglmE1ShkH8lpXqZBac1rrU3FnNYSUs4pL9lBdTKeRPOQ==
  dependencies:
    "@algolia/cache-common" "4.20.0"

"@algolia/cache-common@4.20.0":
  version "4.20.0"
  resolved "https://registry.npmjs.org/@algolia/cache-common/-/cache-common-4.20.0.tgz"
  integrity sha512-vCfxauaZutL3NImzB2G9LjLt36vKAckc6DhMp05An14kVo8F1Yofb6SIl6U3SaEz8pG2QOB9ptwM5c+zGevwIQ==

"@algolia/cache-in-memory@4.20.0":
  version "4.20.0"
  resolved "https://registry.npmjs.org/@algolia/cache-in-memory/-/cache-in-memory-4.20.0.tgz"
  integrity sha512-Wm9ak/IaacAZXS4mB3+qF/KCoVSBV6aLgIGFEtQtJwjv64g4ePMapORGmCyulCFwfePaRAtcaTbMcJF+voc/bg==
  dependencies:
    "@algolia/cache-common" "4.20.0"

"@algolia/client-account@4.20.0":
  version "4.20.0"
  resolved "https://registry.npmjs.org/@algolia/client-account/-/client-account-4.20.0.tgz"
  integrity sha512-GGToLQvrwo7am4zVkZTnKa72pheQeez/16sURDWm7Seyz+HUxKi3BM6fthVVPUEBhtJ0reyVtuK9ArmnaKl10Q==
  dependencies:
    "@algolia/client-common" "4.20.0"
    "@algolia/client-search" "4.20.0"
    "@algolia/transporter" "4.20.0"

"@algolia/client-analytics@4.20.0":
  version "4.20.0"
  resolved "https://registry.npmjs.org/@algolia/client-analytics/-/client-analytics-4.20.0.tgz"
  integrity sha512-EIr+PdFMOallRdBTHHdKI3CstslgLORQG7844Mq84ib5oVFRVASuuPmG4bXBgiDbcsMLUeOC6zRVJhv1KWI0ug==
  dependencies:
    "@algolia/client-common" "4.20.0"
    "@algolia/client-search" "4.20.0"
    "@algolia/requester-common" "4.20.0"
    "@algolia/transporter" "4.20.0"

"@algolia/client-common@4.20.0":
  version "4.20.0"
  resolved "https://registry.npmjs.org/@algolia/client-common/-/client-common-4.20.0.tgz"
  integrity sha512-P3WgMdEss915p+knMMSd/fwiHRHKvDu4DYRrCRaBrsfFw7EQHon+EbRSm4QisS9NYdxbS04kcvNoavVGthyfqQ==
  dependencies:
    "@algolia/requester-common" "4.20.0"
    "@algolia/transporter" "4.20.0"

"@algolia/client-personalization@4.20.0":
  version "4.20.0"
  resolved "https://registry.npmjs.org/@algolia/client-personalization/-/client-personalization-4.20.0.tgz"
  integrity sha512-N9+zx0tWOQsLc3K4PVRDV8GUeOLAY0i445En79Pr3zWB+m67V+n/8w4Kw1C5LlbHDDJcyhMMIlqezh6BEk7xAQ==
  dependencies:
    "@algolia/client-common" "4.20.0"
    "@algolia/requester-common" "4.20.0"
    "@algolia/transporter" "4.20.0"

"@algolia/client-search@4.20.0":
  version "4.20.0"
  resolved "https://registry.npmjs.org/@algolia/client-search/-/client-search-4.20.0.tgz"
  integrity sha512-zgwqnMvhWLdpzKTpd3sGmMlr4c+iS7eyyLGiaO51zDZWGMkpgoNVmltkzdBwxOVXz0RsFMznIxB9zuarUv4TZg==
  dependencies:
    "@algolia/client-common" "4.20.0"
    "@algolia/requester-common" "4.20.0"
    "@algolia/transporter" "4.20.0"

"@algolia/events@^4.0.1":
  version "4.0.1"
  resolved "https://registry.npmjs.org/@algolia/events/-/events-4.0.1.tgz"
  integrity sha512-FQzvOCgoFXAbf5Y6mYozw2aj5KCJoA3m4heImceldzPSMbdyS4atVjJzXKMsfX3wnZTFYwkkt8/z8UesLHlSBQ==

"@algolia/logger-common@4.20.0":
  version "4.20.0"
  resolved "https://registry.npmjs.org/@algolia/logger-common/-/logger-common-4.20.0.tgz"
  integrity sha512-xouigCMB5WJYEwvoWW5XDv7Z9f0A8VoXJc3VKwlHJw/je+3p2RcDXfksLI4G4lIVncFUYMZx30tP/rsdlvvzHQ==

"@algolia/logger-console@4.20.0":
  version "4.20.0"
  resolved "https://registry.npmjs.org/@algolia/logger-console/-/logger-console-4.20.0.tgz"
  integrity sha512-THlIGG1g/FS63z0StQqDhT6bprUczBI8wnLT3JWvfAQDZX5P6fCg7dG+pIrUBpDIHGszgkqYEqECaKKsdNKOUA==
  dependencies:
    "@algolia/logger-common" "4.20.0"

"@algolia/requester-browser-xhr@4.20.0":
  version "4.20.0"
  resolved "https://registry.npmjs.org/@algolia/requester-browser-xhr/-/requester-browser-xhr-4.20.0.tgz"
  integrity sha512-HbzoSjcjuUmYOkcHECkVTwAelmvTlgs48N6Owt4FnTOQdwn0b8pdht9eMgishvk8+F8bal354nhx/xOoTfwiAw==
  dependencies:
    "@algolia/requester-common" "4.20.0"

"@algolia/requester-common@4.20.0":
  version "4.20.0"
  resolved "https://registry.npmjs.org/@algolia/requester-common/-/requester-common-4.20.0.tgz"
  integrity sha512-9h6ye6RY/BkfmeJp7Z8gyyeMrmmWsMOCRBXQDs4mZKKsyVlfIVICpcSibbeYcuUdurLhIlrOUkH3rQEgZzonng==

"@algolia/requester-node-http@4.20.0":
  version "4.20.0"
  resolved "https://registry.npmjs.org/@algolia/requester-node-http/-/requester-node-http-4.20.0.tgz"
  integrity sha512-ocJ66L60ABSSTRFnCHIEZpNHv6qTxsBwJEPfYaSBsLQodm0F9ptvalFkHMpvj5DfE22oZrcrLbOYM2bdPJRHng==
  dependencies:
    "@algolia/requester-common" "4.20.0"

"@algolia/transporter@4.20.0":
  version "4.20.0"
  resolved "https://registry.npmjs.org/@algolia/transporter/-/transporter-4.20.0.tgz"
  integrity sha512-Lsii1pGWOAISbzeyuf+r/GPhvHMPHSPrTDWNcIzOE1SG1inlJHICaVe2ikuoRjcpgxZNU54Jl+if15SUCsaTUg==
  dependencies:
    "@algolia/cache-common" "4.20.0"
    "@algolia/logger-common" "4.20.0"
    "@algolia/requester-common" "4.20.0"

"@algolia/ui-components-highlight-vdom@^1.2.1":
  version "1.2.2"
  resolved "https://registry.npmjs.org/@algolia/ui-components-highlight-vdom/-/ui-components-highlight-vdom-1.2.2.tgz"
  integrity sha512-/+7jh7cd5rR2yQC7ME4SDcnAMiD1Ofn5Qq+E7afTJx9XSMOHkLR77/o6YcuJ60TfD1S+9lr7yjBLACon8gOuzQ==
  dependencies:
    "@algolia/ui-components-shared" "1.2.2"
    "@babel/runtime" "^7.0.0"

"@algolia/ui-components-shared@^1.2.1", "@algolia/ui-components-shared@1.2.2":
  version "1.2.2"
  resolved "https://registry.npmjs.org/@algolia/ui-components-shared/-/ui-components-shared-1.2.2.tgz"
  integrity sha512-FYwEG5sbr8p4V8mqP0iUaKgmWfcrMXRXwp7e6iBuB65P/7QyL8pT4I6/iGb85Q5mNH+UtYYSmLZhKjEblllKEQ==

"@babel/runtime@^7.0.0", "@babel/runtime@^7.1.2":
  version "7.23.1"
  resolved "https://registry.npmjs.org/@babel/runtime/-/runtime-7.23.1.tgz"
  integrity sha512-hC2v6p8ZSI/W0HUzh3V8C5g+NwSKzKPtJwSpTjwl0o297GP9+ZLQSkdvHz46CM3LqyoXxq+5G9komY+eSqSO0g==
  dependencies:
    regenerator-runtime "^0.14.0"

"@types/dom-speech-recognition@^0.0.1":
  version "0.0.1"
  resolved "https://registry.npmjs.org/@types/dom-speech-recognition/-/dom-speech-recognition-0.0.1.tgz"
  integrity sha512-udCxb8DvjcDKfk1WTBzDsxFbLgYxmQGKrE/ricoMqHRNjSlSUCcamVTA5lIQqzY10mY5qCY0QDwBfFEwhfoDPw==

"@types/google.maps@^3.45.3":
  version "3.54.3"
  resolved "https://registry.npmjs.org/@types/google.maps/-/google.maps-3.54.3.tgz"
  integrity sha512-Civz4GMtuzGQbic9J9OSpzNHaVA+YxwvBPfB98GXa2YwH/6Zb99+PPSqKQVniHIB4hOzPl46hmZiFpsckHkGIQ==

"@types/hogan.js@^3.0.0":
  version "3.0.2"
  resolved "https://registry.npmjs.org/@types/hogan.js/-/hogan.js-3.0.2.tgz"
  integrity sha512-M6jOVsZEK31II8HV9QaYI5pg/w7fZb+3aqdCn3M3uofBswvrYBzbaQwSudB6z1UqF2IT3B8vt/3oBoa7XqugFw==

"@types/qs@^6.5.3":
  version "6.9.8"
  resolved "https://registry.npmjs.org/@types/qs/-/qs-6.9.8.tgz"
  integrity sha512-u95svzDlTysU5xecFNTgfFG5RUWu1A9P0VzgpcIiGZA9iraHOdSzcxMxQ55DyeRaGCSxQi7LxXDI4rzq/MYfdg==

abbrev@1:
  version "1.1.1"
  resolved "https://registry.npmjs.org/abbrev/-/abbrev-1.1.1.tgz"
  integrity sha512-nne9/IiQ/hzIhY6pdDnbBtz7DjPTKrY00P/zvPSm5pOFkl6xuGrGnXn/VtTNNfNtAfZ9/1RtehkszU9qcTii0Q==

algoliasearch-helper@3.14.2:
  version "3.14.2"
  resolved "https://registry.npmjs.org/algoliasearch-helper/-/algoliasearch-helper-3.14.2.tgz"
  integrity sha512-FjDSrjvQvJT/SKMW74nPgFpsoPUwZCzGbCqbp8HhBFfSk/OvNFxzCaCmuO0p7AWeLy1gD+muFwQEkBwcl5H4pg==
  dependencies:
    "@algolia/events" "^4.0.1"

algoliasearch@^4.20.0, "algoliasearch@>= 3.1 < 5", "algoliasearch@>= 3.1 < 6":
  version "4.20.0"
  resolved "https://registry.npmjs.org/algoliasearch/-/algoliasearch-4.20.0.tgz"
  integrity sha512-y+UHEjnOItoNy0bYO+WWmLWBlPwDjKHW6mNHrPi0NkuhpQOOEbrkwQH/wgKFDLh7qlKjzoKeiRtlpewDPDG23g==
  dependencies:
    "@algolia/cache-browser-local-storage" "4.20.0"
    "@algolia/cache-common" "4.20.0"
    "@algolia/cache-in-memory" "4.20.0"
    "@algolia/client-account" "4.20.0"
    "@algolia/client-analytics" "4.20.0"
    "@algolia/client-common" "4.20.0"
    "@algolia/client-personalization" "4.20.0"
    "@algolia/client-search" "4.20.0"
    "@algolia/logger-common" "4.20.0"
    "@algolia/logger-console" "4.20.0"
    "@algolia/requester-browser-xhr" "4.20.0"
    "@algolia/requester-common" "4.20.0"
    "@algolia/requester-node-http" "4.20.0"
    "@algolia/transporter" "4.20.0"

hogan.js@^3.0.2:
  version "3.0.2"
  resolved "https://registry.npmjs.org/hogan.js/-/hogan.js-3.0.2.tgz"
  integrity sha512-RqGs4wavGYJWE07t35JQccByczmNUXQT0E12ZYV1VKYu5UiAU9lsos/yBAcf840+zrUQQxgVduCR5/B8nNtibg==
  dependencies:
    mkdirp "0.3.0"
    nopt "1.0.10"

htm@^3.0.0:
  version "3.1.1"
  resolved "https://registry.npmjs.org/htm/-/htm-3.1.1.tgz"
  integrity sha512-983Vyg8NwUE7JkZ6NmOqpCZ+sh1bKv2iYTlUkzlWmA5JD2acKoxd4KVxbMmxX/85mtfdnDmTFoNKcg5DGAvxNQ==

instantsearch.js@4.57.0:
  version "4.57.0"
  resolved "https://registry.npmjs.org/instantsearch.js/-/instantsearch.js-4.57.0.tgz"
  integrity sha512-oaWmX4gUI4U8fcj77FmR3UPHfHOYpJoeHhek+9wM4bZ+VJ8uAQZOV/aBGka7Kmvln8NLZ7rqn+Hm84tDunIBog==
  dependencies:
    "@algolia/events" "^4.0.1"
    "@algolia/ui-components-highlight-vdom" "^1.2.1"
    "@algolia/ui-components-shared" "^1.2.1"
    "@types/dom-speech-recognition" "^0.0.1"
    "@types/google.maps" "^3.45.3"
    "@types/hogan.js" "^3.0.0"
    "@types/qs" "^6.5.3"
    algoliasearch-helper "3.14.2"
    hogan.js "^3.0.2"
    htm "^3.0.0"
    preact "^10.10.0"
    qs "^6.5.1 < 6.10"
    search-insights "^2.6.0"

"js-tokens@^3.0.0 || ^4.0.0":
  version "4.0.0"
  resolved "https://registry.npmjs.org/js-tokens/-/js-tokens-4.0.0.tgz"
  integrity sha512-RdJUflcE3cUzKiMqQgsCu06FPu9UdIJO0beYbPhHN4k6apgJtifcoCtT9bcxOpYBtpD2kCM6Sbzg4CausW/PKQ==

loose-envify@^1.1.0:
  version "1.4.0"
  resolved "https://registry.npmjs.org/loose-envify/-/loose-envify-1.4.0.tgz"
  integrity sha512-lyuxPGr/Wfhrlem2CL/UcnUc1zcqKAImBDzukY7Y5F/yQiNdko6+fRLevlw1HgMySw7f611UIY408EtxRSoK3Q==
  dependencies:
    js-tokens "^3.0.0 || ^4.0.0"

mkdirp@0.3.0:
  version "0.3.0"
  resolved "https://registry.npmjs.org/mkdirp/-/mkdirp-0.3.0.tgz"
  integrity sha512-OHsdUcVAQ6pOtg5JYWpCBo9W/GySVuwvP9hueRMW7UqshC0tbfzLv8wjySTPm3tfUZ/21CE9E1pJagOA91Pxew==

nopt@1.0.10:
  version "1.0.10"
  resolved "https://registry.npmjs.org/nopt/-/nopt-1.0.10.tgz"
  integrity sha512-NWmpvLSqUrgrAC9HCuxEvb+PSloHpqVu+FqcO4eeF2h5qYRhA7ev6KvelyQAKtegUbC6RypJnlEOhd8vloNKYg==
  dependencies:
    abbrev "1"

preact@^10.10.0:
  version "10.18.1"
  resolved "https://registry.npmjs.org/preact/-/preact-10.18.1.tgz"
  integrity sha512-mKUD7RRkQQM6s7Rkmi7IFkoEHjuFqRQUaXamO61E6Nn7vqF/bo7EZCmSyrUnp2UWHw0O7XjZ2eeXis+m7tf4lg==

"qs@^6.5.1 < 6.10":
  version "6.9.7"
  resolved "https://registry.npmjs.org/qs/-/qs-6.9.7.tgz"
  integrity sha512-IhMFgUmuNpyRfxA90umL7ByLlgRXu6tIfKPpF5TmcfRLlLCckfP/g3IQmju6jjpu+Hh8rA+2p6A27ZSPOOHdKw==

"react-dom@>= 16.8.0 < 19":
  version "18.2.0"
  resolved "https://registry.npmjs.org/react-dom/-/react-dom-18.2.0.tgz"
  integrity sha512-6IMTriUmvsjHUjNtEDudZfuDQUoWXVxKHhlEGSk81n4YFS+r/Kl99wXiwlVXtPBtJenozv2P+hxDsw9eA7Xo6g==
  dependencies:
    loose-envify "^1.1.0"
    scheduler "^0.23.0"

react-instantsearch-core@7.1.0:
  version "7.1.0"
  resolved "https://registry.npmjs.org/react-instantsearch-core/-/react-instantsearch-core-7.1.0.tgz"
  integrity sha512-f+QZqUhQ1my/c//kw23Tn8jO1LQVqGRh8ObCbHnDzSPyI9Kp5+ETvI0BbXby1I4iObIjE1ApLhugBkli77zsTQ==
  dependencies:
    "@babel/runtime" "^7.1.2"
    algoliasearch-helper "3.14.2"
    instantsearch.js "4.57.0"
    use-sync-external-store "^1.0.0"

react-instantsearch@^7.1.0:
  version "7.1.0"
  resolved "https://registry.npmjs.org/react-instantsearch/-/react-instantsearch-7.1.0.tgz"
  integrity sha512-AdOP2+ubNVZCkODi45IXpWo9AklTjEGm9xqFQ227zt6CA6NLVhY5otFGkWPBrQwwbEnSKO5PH563pfNGnCMsRQ==
  dependencies:
    "@babel/runtime" "^7.1.2"
    instantsearch.js "4.57.0"
    react-instantsearch-core "7.1.0"

"react@^16.8.0 || ^17.0.0 || ^18.0.0", react@^18.2.0, "react@>= 16.8.0 < 19":
  version "18.2.0"
  resolved "https://registry.npmjs.org/react/-/react-18.2.0.tgz"
  integrity sha512-/3IjMdb2L9QbBdWiW5e3P2/npwMBaU9mHCSCUzNln0ZCYbcfTsGbTJrU/kGemdH2IWmB2ioZ+zkxtmq6g09fGQ==
  dependencies:
    loose-envify "^1.1.0"

regenerator-runtime@^0.14.0:
  version "0.14.0"
  resolved "https://registry.npmjs.org/regenerator-runtime/-/regenerator-runtime-0.14.0.tgz"
  integrity sha512-srw17NI0TUWHuGa5CFGGmhfNIeja30WMBfbslPNhf6JrqQlLN5gcrvig1oqPxiVaXb0oW0XRKtH6Nngs5lKCIA==

scheduler@^0.23.0:
  version "0.23.0"
  resolved "https://registry.npmjs.org/scheduler/-/scheduler-0.23.0.tgz"
  integrity sha512-CtuThmgHNg7zIZWAXi3AsyIzA3n4xx7aNyjwC2VJldO2LMVDhFK+63xGqq6CsJH4rTAt6/M+N4GhZiDYPx9eUw==
  dependencies:
    loose-envify "^1.1.0"

search-insights@^2.6.0:
  version "2.8.3"
  resolved "https://registry.npmjs.org/search-insights/-/search-insights-2.8.3.tgz"
  integrity sha512-W9rZfQ9XEfF0O6ntgQOTI7Txc8nkZrO4eJ/pTHK0Br6wWND2sPGPoWg+yGhdIW7wMbLqk8dc23IyEtLlNGpeNw==

use-sync-external-store@^1.0.0:
  version "1.2.0"
  resolved "https://registry.npmjs.org/use-sync-external-store/-/use-sync-external-store-1.2.0.tgz"
  integrity sha512-eEgnFxGQ1Ife9bzYs6VLi8/4X6CObHMw9Qr9tPY43iKwsPw8xE8+EFsf/2cFZ5S3esXgpWgtSCtLNS41F+sKPA==
